
Microsoft Visual Studio Solution File, Format Version 12.00
# Visual Studio Version 17
VisualStudioVersion = 17.9.34714.143
MinimumVisualStudioVersion = 10.0.40219.1
Project("{9A19103F-16F7-4668-BE54-9A1E7A4F7556}") = "WebApiHostInventory", "WebApiHostInventory\WebApiHostInventory.csproj", "{D50012FF-4002-4055-9AE6-20C551BD5423}"
EndProject
Project("{FAE04EC0-301F-11D3-BF4B-00C04F79EFBC}") = "Services", "Services\Services.csproj", "{94A70C06-20C2-49B7-8DC0-F98F8252B108}"
EndProject
Project("{FAE04EC0-301F-11D3-BF4B-00C04F79EFBC}") = "Repository", "Repository\Repository.csproj", "{98C9075F-A16F-49CD-B453-FF99DA53A112}"
EndProject
Project("{FAE04EC0-301F-11D3-BF4B-00C04F79EFBC}") = "Models", "Models\Models.csproj", "{B8305003-51B3-49C0-A116-F1BA53699BA2}"
EndProject
Project("{FAE04EC0-301F-11D3-BF4B-00C04F79EFBC}") = "Commons", "Commons\Commons.csproj", "{AA23DF3B-48B4-4581-B8E7-15B7A6F965D2}"
EndProject
Global
	GlobalSection(SolutionConfigurationPlatforms) = preSolution
		Debug|Any CPU = Debug|Any CPU
		Release|Any CPU = Release|Any CPU
	EndGlobalSection
	GlobalSection(ProjectConfigurationPlatforms) = postSolution
		{D50012FF-4002-4055-9AE6-20C551BD5423}.Debug|Any CPU.ActiveCfg = Debug|Any CPU
		{D50012FF-4002-4055-9AE6-20C551BD5423}.Debug|Any CPU.Build.0 = Debug|Any CPU
		{D50012FF-4002-4055-9AE6-20C551BD5423}.Release|Any CPU.ActiveCfg = Release|Any CPU
		{D50012FF-4002-4055-9AE6-20C551BD5423}.Release|Any CPU.Build.0 = Release|Any CPU
		{94A70C06-20C2-49B7-8DC0-F98F8252B108}.Debug|Any CPU.ActiveCfg = Debug|Any CPU
		{94A70C06-20C2-49B7-8DC0-F98F8252B108}.Debug|Any CPU.Build.0 = Debug|Any CPU
		{94A70C06-20C2-49B7-8DC0-F98F8252B108}.Release|Any CPU.ActiveCfg = Release|Any CPU
		{94A70C06-20C2-49B7-8DC0-F98F8252B108}.Release|Any CPU.Build.0 = Release|Any CPU
		{98C9075F-A16F-49CD-B453-FF99DA53A112}.Debug|Any CPU.ActiveCfg = Debug|Any CPU
		{98C9075F-A16F-49CD-B453-FF99DA53A112}.Debug|Any CPU.Build.0 = Debug|Any CPU
		{98C9075F-A16F-49CD-B453-FF99DA53A112}.Release|Any CPU.ActiveCfg = Release|Any CPU
		{98C9075F-A16F-49CD-B453-FF99DA53A112}.Release|Any CPU.Build.0 = Release|Any CPU
		{B8305003-51B3-49C0-A116-F1BA53699BA2}.Debug|Any CPU.ActiveCfg = Debug|Any CPU
		{B8305003-51B3-49C0-A116-F1BA53699BA2}.Debug|Any CPU.Build.0 = Debug|Any CPU
		{B8305003-51B3-49C0-A116-F1BA53699BA2}.Release|Any CPU.ActiveCfg = Release|Any CPU
		{B8305003-51B3-49C0-A116-F1BA53699BA2}.Release|Any CPU.Build.0 = Release|Any CPU
		{AA23DF3B-48B4-4581-B8E7-15B7A6F965D2}.Debug|Any CPU.ActiveCfg = Debug|Any CPU
		{AA23DF3B-48B4-4581-B8E7-15B7A6F965D2}.Debug|Any CPU.Build.0 = Debug|Any CPU
		{AA23DF3B-48B4-4581-B8E7-15B7A6F965D2}.Release|Any CPU.ActiveCfg = Release|Any CPU
		{AA23DF3B-48B4-4581-B8E7-15B7A6F965D2}.Release|Any CPU.Build.0 = Release|Any CPU
	EndGlobalSection
	GlobalSection(SolutionProperties) = preSolution
		HideSolutionNode = FALSE
	EndGlobalSection
	GlobalSection(ExtensibilityGlobals) = postSolution
		SolutionGuid = {8B3727DF-46E6-4561-A013-06D435A2D51C}
	EndGlobalSection
EndGlobal
